
Microsoft Visual Studio Solution File, Format Version 12.00
# Visual Studio 15
VisualStudioVersion = 15.0.27130.2027
MinimumVisualStudioVersion = 10.0.40219.1
Project("{9A19103F-16F7-4668-BE54-9A1E7A4F7556}") = "MeShare.Mobile", "MeShare.Mobile\MeShare.Mobile\MeShare.Mobile.csproj", "{1A9CA01B-871A-43B1-85B0-E70911A6ACE0}"
EndProject
Project("{FAE04EC0-301F-11D3-BF4B-00C04F79EFBC}") = "MeShare.Mobile.Android", "MeShare.Mobile\MeShare.Mobile.Android\MeShare.Mobile.Android.csproj", "{C39924E7-23B3-4ACD-965A-46217050E7FB}"
EndProject
Project("{FAE04EC0-301F-11D3-BF4B-00C04F79EFBC}") = "MeShare.Mobile.iOS", "MeShare.Mobile\MeShare.Mobile.iOS\MeShare.Mobile.iOS.csproj", "{42FF385D-978A-4535-94FF-BF38C91659C6}"
EndProject
Project("{FAE04EC0-301F-11D3-BF4B-00C04F79EFBC}") = "MeShare.Mobile.UWP", "MeShare.Mobile\MeShare.Mobile.UWP\MeShare.Mobile.UWP.csproj", "{757457B9-347C-4749-B744-6DB4689B8259}"
EndProject
Project("{9A19103F-16F7-4668-BE54-9A1E7A4F7556}") = "MeShare.Mobile.Core", "MeShare.Mobile\MeShare.Mobile.Core\MeShare.Mobile.Core.csproj", "{7A2F9CC3-A2CD-42E7-A396-2620C35EBDB9}"
EndProject
Project("{FAE04EC0-301F-11D3-BF4B-00C04F79EFBC}") = "MeShare.Mobile.Core.Tests", "MeShare.Mobile\MeShare.Mobile.Core.Tests\MeShare.Mobile.Core.Tests.csproj", "{F2802F80-845C-4982-9806-8C28876D8AE5}"
EndProject
Global
	GlobalSection(SolutionConfigurationPlatforms) = preSolution
		Ad-Hoc|Any CPU = Ad-Hoc|Any CPU
		Ad-Hoc|ARM = Ad-Hoc|ARM
		Ad-Hoc|iPhone = Ad-Hoc|iPhone
		Ad-Hoc|iPhoneSimulator = Ad-Hoc|iPhoneSimulator
		Ad-Hoc|x64 = Ad-Hoc|x64
		Ad-Hoc|x86 = Ad-Hoc|x86
		AppStore|Any CPU = AppStore|Any CPU
		AppStore|ARM = AppStore|ARM
		AppStore|iPhone = AppStore|iPhone
		AppStore|iPhoneSimulator = AppStore|iPhoneSimulator
		AppStore|x64 = AppStore|x64
		AppStore|x86 = AppStore|x86
		Debug|Any CPU = Debug|Any CPU
		Debug|ARM = Debug|ARM
		Debug|iPhone = Debug|iPhone
		Debug|iPhoneSimulator = Debug|iPhoneSimulator
		Debug|x64 = Debug|x64
		Debug|x86 = Debug|x86
		Release|Any CPU = Release|Any CPU
		Release|ARM = Release|ARM
		Release|iPhone = Release|iPhone
		Release|iPhoneSimulator = Release|iPhoneSimulator
		Release|x64 = Release|x64
		Release|x86 = Release|x86
	EndGlobalSection
	GlobalSection(ProjectConfigurationPlatforms) = postSolution
		{1A9CA01B-871A-43B1-85B0-E70911A6ACE0}.Ad-Hoc|Any CPU.ActiveCfg = Debug|Any CPU
		{1A9CA01B-871A-43B1-85B0-E70911A6ACE0}.Ad-Hoc|Any CPU.Build.0 = Debug|Any CPU
		{1A9CA01B-871A-43B1-85B0-E70911A6ACE0}.Ad-Hoc|ARM.ActiveCfg = Debug|Any CPU
		{1A9CA01B-871A-43B1-85B0-E70911A6ACE0}.Ad-Hoc|ARM.Build.0 = Debug|Any CPU
		{1A9CA01B-871A-43B1-85B0-E70911A6ACE0}.Ad-Hoc|iPhone.ActiveCfg = Debug|Any CPU
		{1A9CA01B-871A-43B1-85B0-E70911A6ACE0}.Ad-Hoc|iPhone.Build.0 = Debug|Any CPU
		{1A9CA01B-871A-43B1-85B0-E70911A6ACE0}.Ad-Hoc|iPhoneSimulator.ActiveCfg = Debug|Any CPU
		{1A9CA01B-871A-43B1-85B0-E70911A6ACE0}.Ad-Hoc|iPhoneSimulator.Build.0 = Debug|Any CPU
		{1A9CA01B-871A-43B1-85B0-E70911A6ACE0}.Ad-Hoc|x64.ActiveCfg = Debug|Any CPU
		{1A9CA01B-871A-43B1-85B0-E70911A6ACE0}.Ad-Hoc|x64.Build.0 = Debug|Any CPU
		{1A9CA01B-871A-43B1-85B0-E70911A6ACE0}.Ad-Hoc|x86.ActiveCfg = Debug|Any CPU
		{1A9CA01B-871A-43B1-85B0-E70911A6ACE0}.Ad-Hoc|x86.Build.0 = Debug|Any CPU
		{1A9CA01B-871A-43B1-85B0-E70911A6ACE0}.AppStore|Any CPU.ActiveCfg = Debug|Any CPU
		{1A9CA01B-871A-43B1-85B0-E70911A6ACE0}.AppStore|Any CPU.Build.0 = Debug|Any CPU
		{1A9CA01B-871A-43B1-85B0-E70911A6ACE0}.AppStore|ARM.ActiveCfg = Debug|Any CPU
		{1A9CA01B-871A-43B1-85B0-E70911A6ACE0}.AppStore|ARM.Build.0 = Debug|Any CPU
		{1A9CA01B-871A-43B1-85B0-E70911A6ACE0}.AppStore|iPhone.ActiveCfg = Debug|Any CPU
		{1A9CA01B-871A-43B1-85B0-E70911A6ACE0}.AppStore|iPhone.Build.0 = Debug|Any CPU
		{1A9CA01B-871A-43B1-85B0-E70911A6ACE0}.AppStore|iPhoneSimulator.ActiveCfg = Debug|Any CPU
		{1A9CA01B-871A-43B1-85B0-E70911A6ACE0}.AppStore|iPhoneSimulator.Build.0 = Debug|Any CPU
		{1A9CA01B-871A-43B1-85B0-E70911A6ACE0}.AppStore|x64.ActiveCfg = Debug|Any CPU
		{1A9CA01B-871A-43B1-85B0-E70911A6ACE0}.AppStore|x64.Build.0 = Debug|Any CPU
		{1A9CA01B-871A-43B1-85B0-E70911A6ACE0}.AppStore|x86.ActiveCfg = Debug|Any CPU
		{1A9CA01B-871A-43B1-85B0-E70911A6ACE0}.AppStore|x86.Build.0 = Debug|Any CPU
		{1A9CA01B-871A-43B1-85B0-E70911A6ACE0}.Debug|Any CPU.ActiveCfg = Debug|Any CPU
		{1A9CA01B-871A-43B1-85B0-E70911A6ACE0}.Debug|Any CPU.Build.0 = Debug|Any CPU
		{1A9CA01B-871A-43B1-85B0-E70911A6ACE0}.Debug|ARM.ActiveCfg = Debug|Any CPU
		{1A9CA01B-871A-43B1-85B0-E70911A6ACE0}.Debug|ARM.Build.0 = Debug|Any CPU
		{1A9CA01B-871A-43B1-85B0-E70911A6ACE0}.Debug|iPhone.ActiveCfg = Debug|Any CPU
		{1A9CA01B-871A-43B1-85B0-E70911A6ACE0}.Debug|iPhone.Build.0 = Debug|Any CPU
		{1A9CA01B-871A-43B1-85B0-E70911A6ACE0}.Debug|iPhoneSimulator.ActiveCfg = Debug|Any CPU
		{1A9CA01B-871A-43B1-85B0-E70911A6ACE0}.Debug|iPhoneSimulator.Build.0 = Debug|Any CPU
		{1A9CA01B-871A-43B1-85B0-E70911A6ACE0}.Debug|x64.ActiveCfg = Debug|Any CPU
		{1A9CA01B-871A-43B1-85B0-E70911A6ACE0}.Debug|x64.Build.0 = Debug|Any CPU
		{1A9CA01B-871A-43B1-85B0-E70911A6ACE0}.Debug|x86.ActiveCfg = Debug|Any CPU
		{1A9CA01B-871A-43B1-85B0-E70911A6ACE0}.Debug|x86.Build.0 = Debug|Any CPU
		{1A9CA01B-871A-43B1-85B0-E70911A6ACE0}.Release|Any CPU.ActiveCfg = Release|Any CPU
		{1A9CA01B-871A-43B1-85B0-E70911A6ACE0}.Release|Any CPU.Build.0 = Release|Any CPU
		{1A9CA01B-871A-43B1-85B0-E70911A6ACE0}.Release|ARM.ActiveCfg = Release|Any CPU
		{1A9CA01B-871A-43B1-85B0-E70911A6ACE0}.Release|ARM.Build.0 = Release|Any CPU
		{1A9CA01B-871A-43B1-85B0-E70911A6ACE0}.Release|iPhone.ActiveCfg = Release|Any CPU
		{1A9CA01B-871A-43B1-85B0-E70911A6ACE0}.Release|iPhone.Build.0 = Release|Any CPU
		{1A9CA01B-871A-43B1-85B0-E70911A6ACE0}.Release|iPhoneSimulator.ActiveCfg = Release|Any CPU
		{1A9CA01B-871A-43B1-85B0-E70911A6ACE0}.Release|iPhoneSimulator.Build.0 = Release|Any CPU
		{1A9CA01B-871A-43B1-85B0-E70911A6ACE0}.Release|x64.ActiveCfg = Release|Any CPU
		{1A9CA01B-871A-43B1-85B0-E70911A6ACE0}.Release|x64.Build.0 = Release|Any CPU
		{1A9CA01B-871A-43B1-85B0-E70911A6ACE0}.Release|x86.ActiveCfg = Release|Any CPU
		{1A9CA01B-871A-43B1-85B0-E70911A6ACE0}.Release|x86.Build.0 = Release|Any CPU
		{C39924E7-23B3-4ACD-965A-46217050E7FB}.Ad-Hoc|Any CPU.ActiveCfg = Release|Any CPU
		{C39924E7-23B3-4ACD-965A-46217050E7FB}.Ad-Hoc|Any CPU.Build.0 = Release|Any CPU
		{C39924E7-23B3-4ACD-965A-46217050E7FB}.Ad-Hoc|Any CPU.Deploy.0 = Release|Any CPU
		{C39924E7-23B3-4ACD-965A-46217050E7FB}.Ad-Hoc|ARM.ActiveCfg = Release|Any CPU
		{C39924E7-23B3-4ACD-965A-46217050E7FB}.Ad-Hoc|ARM.Build.0 = Release|Any CPU
		{C39924E7-23B3-4ACD-965A-46217050E7FB}.Ad-Hoc|ARM.Deploy.0 = Release|Any CPU
		{C39924E7-23B3-4ACD-965A-46217050E7FB}.Ad-Hoc|iPhone.ActiveCfg = Release|Any CPU
		{C39924E7-23B3-4ACD-965A-46217050E7FB}.Ad-Hoc|iPhone.Build.0 = Release|Any CPU
		{C39924E7-23B3-4ACD-965A-46217050E7FB}.Ad-Hoc|iPhone.Deploy.0 = Release|Any CPU
		{C39924E7-23B3-4ACD-965A-46217050E7FB}.Ad-Hoc|iPhoneSimulator.ActiveCfg = Release|Any CPU
		{C39924E7-23B3-4ACD-965A-46217050E7FB}.Ad-Hoc|iPhoneSimulator.Build.0 = Release|Any CPU
		{C39924E7-23B3-4ACD-965A-46217050E7FB}.Ad-Hoc|iPhoneSimulator.Deploy.0 = Release|Any CPU
		{C39924E7-23B3-4ACD-965A-46217050E7FB}.Ad-Hoc|x64.ActiveCfg = Release|Any CPU
		{C39924E7-23B3-4ACD-965A-46217050E7FB}.Ad-Hoc|x64.Build.0 = Release|Any CPU
		{C39924E7-23B3-4ACD-965A-46217050E7FB}.Ad-Hoc|x64.Deploy.0 = Release|Any CPU
		{C39924E7-23B3-4ACD-965A-46217050E7FB}.Ad-Hoc|x86.ActiveCfg = Release|Any CPU
		{C39924E7-23B3-4ACD-965A-46217050E7FB}.Ad-Hoc|x86.Build.0 = Release|Any CPU
		{C39924E7-23B3-4ACD-965A-46217050E7FB}.Ad-Hoc|x86.Deploy.0 = Release|Any CPU
		{C39924E7-23B3-4ACD-965A-46217050E7FB}.AppStore|Any CPU.ActiveCfg = Release|Any CPU
		{C39924E7-23B3-4ACD-965A-46217050E7FB}.AppStore|Any CPU.Build.0 = Release|Any CPU
		{C39924E7-23B3-4ACD-965A-46217050E7FB}.AppStore|Any CPU.Deploy.0 = Release|Any CPU
		{C39924E7-23B3-4ACD-965A-46217050E7FB}.AppStore|ARM.ActiveCfg = Release|Any CPU
		{C39924E7-23B3-4ACD-965A-46217050E7FB}.AppStore|ARM.Build.0 = Release|Any CPU
		{C39924E7-23B3-4ACD-965A-46217050E7FB}.AppStore|ARM.Deploy.0 = Release|Any CPU
		{C39924E7-23B3-4ACD-965A-46217050E7FB}.AppStore|iPhone.ActiveCfg = Release|Any CPU
		{C39924E7-23B3-4ACD-965A-46217050E7FB}.AppStore|iPhone.Build.0 = Release|Any CPU
		{C39924E7-23B3-4ACD-965A-46217050E7FB}.AppStore|iPhone.Deploy.0 = Release|Any CPU
		{C39924E7-23B3-4ACD-965A-46217050E7FB}.AppStore|iPhoneSimulator.ActiveCfg = Release|Any CPU
		{C39924E7-23B3-4ACD-965A-46217050E7FB}.AppStore|iPhoneSimulator.Build.0 = Release|Any CPU
		{C39924E7-23B3-4ACD-965A-46217050E7FB}.AppStore|iPhoneSimulator.Deploy.0 = Release|Any CPU
		{C39924E7-23B3-4ACD-965A-46217050E7FB}.AppStore|x64.ActiveCfg = Release|Any CPU
		{C39924E7-23B3-4ACD-965A-46217050E7FB}.AppStore|x64.Build.0 = Release|Any CPU
		{C39924E7-23B3-4ACD-965A-46217050E7FB}.AppStore|x64.Deploy.0 = Release|Any CPU
		{C39924E7-23B3-4ACD-965A-46217050E7FB}.AppStore|x86.ActiveCfg = Release|Any CPU
		{C39924E7-23B3-4ACD-965A-46217050E7FB}.AppStore|x86.Build.0 = Release|Any CPU
		{C39924E7-23B3-4ACD-965A-46217050E7FB}.AppStore|x86.Deploy.0 = Release|Any CPU
		{C39924E7-23B3-4ACD-965A-46217050E7FB}.Debug|Any CPU.ActiveCfg = Debug|Any CPU
		{C39924E7-23B3-4ACD-965A-46217050E7FB}.Debug|Any CPU.Build.0 = Debug|Any CPU
		{C39924E7-23B3-4ACD-965A-46217050E7FB}.Debug|Any CPU.Deploy.0 = Debug|Any CPU
		{C39924E7-23B3-4ACD-965A-46217050E7FB}.Debug|ARM.ActiveCfg = Debug|Any CPU
		{C39924E7-23B3-4ACD-965A-46217050E7FB}.Debug|ARM.Build.0 = Debug|Any CPU
		{C39924E7-23B3-4ACD-965A-46217050E7FB}.Debug|ARM.Deploy.0 = Debug|Any CPU
		{C39924E7-23B3-4ACD-965A-46217050E7FB}.Debug|iPhone.ActiveCfg = Debug|Any CPU
		{C39924E7-23B3-4ACD-965A-46217050E7FB}.Debug|iPhone.Build.0 = Debug|Any CPU
		{C39924E7-23B3-4ACD-965A-46217050E7FB}.Debug|iPhone.Deploy.0 = Debug|Any CPU
		{C39924E7-23B3-4ACD-965A-46217050E7FB}.Debug|iPhoneSimulator.ActiveCfg = Debug|Any CPU
		{C39924E7-23B3-4ACD-965A-46217050E7FB}.Debug|iPhoneSimulator.Build.0 = Debug|Any CPU
		{C39924E7-23B3-4ACD-965A-46217050E7FB}.Debug|iPhoneSimulator.Deploy.0 = Debug|Any CPU
		{C39924E7-23B3-4ACD-965A-46217050E7FB}.Debug|x64.ActiveCfg = Debug|Any CPU
		{C39924E7-23B3-4ACD-965A-46217050E7FB}.Debug|x64.Build.0 = Debug|Any CPU
		{C39924E7-23B3-4ACD-965A-46217050E7FB}.Debug|x64.Deploy.0 = Debug|Any CPU
		{C39924E7-23B3-4ACD-965A-46217050E7FB}.Debug|x86.ActiveCfg = Debug|Any CPU
		{C39924E7-23B3-4ACD-965A-46217050E7FB}.Debug|x86.Build.0 = Debug|Any CPU
		{C39924E7-23B3-4ACD-965A-46217050E7FB}.Debug|x86.Deploy.0 = Debug|Any CPU
		{C39924E7-23B3-4ACD-965A-46217050E7FB}.Release|Any CPU.ActiveCfg = Release|Any CPU
		{C39924E7-23B3-4ACD-965A-46217050E7FB}.Release|Any CPU.Build.0 = Release|Any CPU
		{C39924E7-23B3-4ACD-965A-46217050E7FB}.Release|Any CPU.Deploy.0 = Release|Any CPU
		{C39924E7-23B3-4ACD-965A-46217050E7FB}.Release|ARM.ActiveCfg = Release|Any CPU
		{C39924E7-23B3-4ACD-965A-46217050E7FB}.Release|ARM.Build.0 = Release|Any CPU
		{C39924E7-23B3-4ACD-965A-46217050E7FB}.Release|ARM.Deploy.0 = Release|Any CPU
		{C39924E7-23B3-4ACD-965A-46217050E7FB}.Release|iPhone.ActiveCfg = Release|Any CPU
		{C39924E7-23B3-4ACD-965A-46217050E7FB}.Release|iPhone.Build.0 = Release|Any CPU
		{C39924E7-23B3-4ACD-965A-46217050E7FB}.Release|iPhone.Deploy.0 = Release|Any CPU
		{C39924E7-23B3-4ACD-965A-46217050E7FB}.Release|iPhoneSimulator.ActiveCfg = Release|Any CPU
		{C39924E7-23B3-4ACD-965A-46217050E7FB}.Release|iPhoneSimulator.Build.0 = Release|Any CPU
		{C39924E7-23B3-4ACD-965A-46217050E7FB}.Release|iPhoneSimulator.Deploy.0 = Release|Any CPU
		{C39924E7-23B3-4ACD-965A-46217050E7FB}.Release|x64.ActiveCfg = Release|Any CPU
		{C39924E7-23B3-4ACD-965A-46217050E7FB}.Release|x64.Build.0 = Release|Any CPU
		{C39924E7-23B3-4ACD-965A-46217050E7FB}.Release|x64.Deploy.0 = Release|Any CPU
		{C39924E7-23B3-4ACD-965A-46217050E7FB}.Release|x86.ActiveCfg = Release|Any CPU
		{C39924E7-23B3-4ACD-965A-46217050E7FB}.Release|x86.Build.0 = Release|Any CPU
		{C39924E7-23B3-4ACD-965A-46217050E7FB}.Release|x86.Deploy.0 = Release|Any CPU
		{42FF385D-978A-4535-94FF-BF38C91659C6}.Ad-Hoc|Any CPU.ActiveCfg = Ad-Hoc|iPhone
		{42FF385D-978A-4535-94FF-BF38C91659C6}.Ad-Hoc|ARM.ActiveCfg = Ad-Hoc|iPhone
		{42FF385D-978A-4535-94FF-BF38C91659C6}.Ad-Hoc|iPhone.ActiveCfg = Ad-Hoc|iPhone
		{42FF385D-978A-4535-94FF-BF38C91659C6}.Ad-Hoc|iPhone.Build.0 = Ad-Hoc|iPhone
		{42FF385D-978A-4535-94FF-BF38C91659C6}.Ad-Hoc|iPhoneSimulator.ActiveCfg = Ad-Hoc|iPhoneSimulator
		{42FF385D-978A-4535-94FF-BF38C91659C6}.Ad-Hoc|iPhoneSimulator.Build.0 = Ad-Hoc|iPhoneSimulator
		{42FF385D-978A-4535-94FF-BF38C91659C6}.Ad-Hoc|x64.ActiveCfg = Ad-Hoc|iPhone
		{42FF385D-978A-4535-94FF-BF38C91659C6}.Ad-Hoc|x86.ActiveCfg = Ad-Hoc|iPhone
		{42FF385D-978A-4535-94FF-BF38C91659C6}.AppStore|Any CPU.ActiveCfg = AppStore|iPhone
		{42FF385D-978A-4535-94FF-BF38C91659C6}.AppStore|ARM.ActiveCfg = AppStore|iPhone
		{42FF385D-978A-4535-94FF-BF38C91659C6}.AppStore|iPhone.ActiveCfg = AppStore|iPhone
		{42FF385D-978A-4535-94FF-BF38C91659C6}.AppStore|iPhone.Build.0 = AppStore|iPhone
		{42FF385D-978A-4535-94FF-BF38C91659C6}.AppStore|iPhoneSimulator.ActiveCfg = AppStore|iPhoneSimulator
		{42FF385D-978A-4535-94FF-BF38C91659C6}.AppStore|iPhoneSimulator.Build.0 = AppStore|iPhoneSimulator
		{42FF385D-978A-4535-94FF-BF38C91659C6}.AppStore|x64.ActiveCfg = AppStore|iPhone
		{42FF385D-978A-4535-94FF-BF38C91659C6}.AppStore|x86.ActiveCfg = AppStore|iPhone
		{42FF385D-978A-4535-94FF-BF38C91659C6}.Debug|Any CPU.ActiveCfg = Debug|iPhone
		{42FF385D-978A-4535-94FF-BF38C91659C6}.Debug|ARM.ActiveCfg = Debug|iPhone
		{42FF385D-978A-4535-94FF-BF38C91659C6}.Debug|iPhone.ActiveCfg = Debug|iPhone
		{42FF385D-978A-4535-94FF-BF38C91659C6}.Debug|iPhone.Build.0 = Debug|iPhone
		{42FF385D-978A-4535-94FF-BF38C91659C6}.Debug|iPhoneSimulator.ActiveCfg = Debug|iPhoneSimulator
		{42FF385D-978A-4535-94FF-BF38C91659C6}.Debug|iPhoneSimulator.Build.0 = Debug|iPhoneSimulator
		{42FF385D-978A-4535-94FF-BF38C91659C6}.Debug|x64.ActiveCfg = Debug|iPhone
		{42FF385D-978A-4535-94FF-BF38C91659C6}.Debug|x86.ActiveCfg = Debug|iPhone
		{42FF385D-978A-4535-94FF-BF38C91659C6}.Release|Any CPU.ActiveCfg = Release|iPhone
		{42FF385D-978A-4535-94FF-BF38C91659C6}.Release|ARM.ActiveCfg = Release|iPhone
		{42FF385D-978A-4535-94FF-BF38C91659C6}.Release|iPhone.ActiveCfg = Release|iPhone
		{42FF385D-978A-4535-94FF-BF38C91659C6}.Release|iPhone.Build.0 = Release|iPhone
		{42FF385D-978A-4535-94FF-BF38C91659C6}.Release|iPhoneSimulator.ActiveCfg = Release|iPhoneSimulator
		{42FF385D-978A-4535-94FF-BF38C91659C6}.Release|iPhoneSimulator.Build.0 = Release|iPhoneSimulator
		{42FF385D-978A-4535-94FF-BF38C91659C6}.Release|x64.ActiveCfg = Release|iPhone
		{42FF385D-978A-4535-94FF-BF38C91659C6}.Release|x86.ActiveCfg = Release|iPhone
		{757457B9-347C-4749-B744-6DB4689B8259}.Ad-Hoc|Any CPU.ActiveCfg = Release|x86
		{757457B9-347C-4749-B744-6DB4689B8259}.Ad-Hoc|Any CPU.Build.0 = Release|x86
		{757457B9-347C-4749-B744-6DB4689B8259}.Ad-Hoc|Any CPU.Deploy.0 = Release|x86
		{757457B9-347C-4749-B744-6DB4689B8259}.Ad-Hoc|ARM.ActiveCfg = Release|ARM
		{757457B9-347C-4749-B744-6DB4689B8259}.Ad-Hoc|ARM.Build.0 = Release|ARM
		{757457B9-347C-4749-B744-6DB4689B8259}.Ad-Hoc|ARM.Deploy.0 = Release|ARM
		{757457B9-347C-4749-B744-6DB4689B8259}.Ad-Hoc|iPhone.ActiveCfg = Release|x86
		{757457B9-347C-4749-B744-6DB4689B8259}.Ad-Hoc|iPhone.Build.0 = Release|x86
		{757457B9-347C-4749-B744-6DB4689B8259}.Ad-Hoc|iPhone.Deploy.0 = Release|x86
		{757457B9-347C-4749-B744-6DB4689B8259}.Ad-Hoc|iPhoneSimulator.ActiveCfg = Release|x86
		{757457B9-347C-4749-B744-6DB4689B8259}.Ad-Hoc|iPhoneSimulator.Build.0 = Release|x86
		{757457B9-347C-4749-B744-6DB4689B8259}.Ad-Hoc|iPhoneSimulator.Deploy.0 = Release|x86
		{757457B9-347C-4749-B744-6DB4689B8259}.Ad-Hoc|x64.ActiveCfg = Release|x64
		{757457B9-347C-4749-B744-6DB4689B8259}.Ad-Hoc|x64.Build.0 = Release|x64
		{757457B9-347C-4749-B744-6DB4689B8259}.Ad-Hoc|x64.Deploy.0 = Release|x64
		{757457B9-347C-4749-B744-6DB4689B8259}.Ad-Hoc|x86.ActiveCfg = Release|x86
		{757457B9-347C-4749-B744-6DB4689B8259}.Ad-Hoc|x86.Build.0 = Release|x86
		{757457B9-347C-4749-B744-6DB4689B8259}.Ad-Hoc|x86.Deploy.0 = Release|x86
		{757457B9-347C-4749-B744-6DB4689B8259}.AppStore|Any CPU.ActiveCfg = Release|x86
		{757457B9-347C-4749-B744-6DB4689B8259}.AppStore|Any CPU.Build.0 = Release|x86
		{757457B9-347C-4749-B744-6DB4689B8259}.AppStore|Any CPU.Deploy.0 = Release|x86
		{757457B9-347C-4749-B744-6DB4689B8259}.AppStore|ARM.ActiveCfg = Release|ARM
		{757457B9-347C-4749-B744-6DB4689B8259}.AppStore|ARM.Build.0 = Release|ARM
		{757457B9-347C-4749-B744-6DB4689B8259}.AppStore|ARM.Deploy.0 = Release|ARM
		{757457B9-347C-4749-B744-6DB4689B8259}.AppStore|iPhone.ActiveCfg = Release|x86
		{757457B9-347C-4749-B744-6DB4689B8259}.AppStore|iPhone.Build.0 = Release|x86
		{757457B9-347C-4749-B744-6DB4689B8259}.AppStore|iPhone.Deploy.0 = Release|x86
		{757457B9-347C-4749-B744-6DB4689B8259}.AppStore|iPhoneSimulator.ActiveCfg = Release|x86
		{757457B9-347C-4749-B744-6DB4689B8259}.AppStore|iPhoneSimulator.Build.0 = Release|x86
		{757457B9-347C-4749-B744-6DB4689B8259}.AppStore|iPhoneSimulator.Deploy.0 = Release|x86
		{757457B9-347C-4749-B744-6DB4689B8259}.AppStore|x64.ActiveCfg = Release|x64
		{757457B9-347C-4749-B744-6DB4689B8259}.AppStore|x64.Build.0 = Release|x64
		{757457B9-347C-4749-B744-6DB4689B8259}.AppStore|x64.Deploy.0 = Release|x64
		{757457B9-347C-4749-B744-6DB4689B8259}.AppStore|x86.ActiveCfg = Release|x86
		{757457B9-347C-4749-B744-6DB4689B8259}.AppStore|x86.Build.0 = Release|x86
		{757457B9-347C-4749-B744-6DB4689B8259}.AppStore|x86.Deploy.0 = Release|x86
		{757457B9-347C-4749-B744-6DB4689B8259}.Debug|Any CPU.ActiveCfg = Debug|x86
		{757457B9-347C-4749-B744-6DB4689B8259}.Debug|ARM.ActiveCfg = Debug|ARM
		{757457B9-347C-4749-B744-6DB4689B8259}.Debug|ARM.Build.0 = Debug|ARM
		{757457B9-347C-4749-B744-6DB4689B8259}.Debug|ARM.Deploy.0 = Debug|ARM
		{757457B9-347C-4749-B744-6DB4689B8259}.Debug|iPhone.ActiveCfg = Debug|x86
		{757457B9-347C-4749-B744-6DB4689B8259}.Debug|iPhoneSimulator.ActiveCfg = Debug|x86
		{757457B9-347C-4749-B744-6DB4689B8259}.Debug|x64.ActiveCfg = Debug|x64
		{757457B9-347C-4749-B744-6DB4689B8259}.Debug|x64.Build.0 = Debug|x64
		{757457B9-347C-4749-B744-6DB4689B8259}.Debug|x64.Deploy.0 = Debug|x64
		{757457B9-347C-4749-B744-6DB4689B8259}.Debug|x86.ActiveCfg = Debug|x86
		{757457B9-347C-4749-B744-6DB4689B8259}.Debug|x86.Build.0 = Debug|x86
		{757457B9-347C-4749-B744-6DB4689B8259}.Debug|x86.Deploy.0 = Debug|x86
		{757457B9-347C-4749-B744-6DB4689B8259}.Release|Any CPU.ActiveCfg = Release|x86
		{757457B9-347C-4749-B744-6DB4689B8259}.Release|ARM.ActiveCfg = Release|ARM
		{757457B9-347C-4749-B744-6DB4689B8259}.Release|ARM.Build.0 = Release|ARM
		{757457B9-347C-4749-B744-6DB4689B8259}.Release|ARM.Deploy.0 = Release|ARM
		{757457B9-347C-4749-B744-6DB4689B8259}.Release|iPhone.ActiveCfg = Release|x86
		{757457B9-347C-4749-B744-6DB4689B8259}.Release|iPhoneSimulator.ActiveCfg = Release|x86
		{757457B9-347C-4749-B744-6DB4689B8259}.Release|x64.ActiveCfg = Release|x64
		{757457B9-347C-4749-B744-6DB4689B8259}.Release|x64.Build.0 = Release|x64
		{757457B9-347C-4749-B744-6DB4689B8259}.Release|x64.Deploy.0 = Release|x64
		{757457B9-347C-4749-B744-6DB4689B8259}.Release|x86.ActiveCfg = Release|x86
		{757457B9-347C-4749-B744-6DB4689B8259}.Release|x86.Build.0 = Release|x86
		{757457B9-347C-4749-B744-6DB4689B8259}.Release|x86.Deploy.0 = Release|x86
		{7A2F9CC3-A2CD-42E7-A396-2620C35EBDB9}.Ad-Hoc|Any CPU.ActiveCfg = Debug|Any CPU
		{7A2F9CC3-A2CD-42E7-A396-2620C35EBDB9}.Ad-Hoc|Any CPU.Build.0 = Debug|Any CPU
		{7A2F9CC3-A2CD-42E7-A396-2620C35EBDB9}.Ad-Hoc|ARM.ActiveCfg = Debug|Any CPU
		{7A2F9CC3-A2CD-42E7-A396-2620C35EBDB9}.Ad-Hoc|ARM.Build.0 = Debug|Any CPU
		{7A2F9CC3-A2CD-42E7-A396-2620C35EBDB9}.Ad-Hoc|iPhone.ActiveCfg = Debug|Any CPU
		{7A2F9CC3-A2CD-42E7-A396-2620C35EBDB9}.Ad-Hoc|iPhone.Build.0 = Debug|Any CPU
		{7A2F9CC3-A2CD-42E7-A396-2620C35EBDB9}.Ad-Hoc|iPhoneSimulator.ActiveCfg = Debug|Any CPU
		{7A2F9CC3-A2CD-42E7-A396-2620C35EBDB9}.Ad-Hoc|iPhoneSimulator.Build.0 = Debug|Any CPU
		{7A2F9CC3-A2CD-42E7-A396-2620C35EBDB9}.Ad-Hoc|x64.ActiveCfg = Debug|Any CPU
		{7A2F9CC3-A2CD-42E7-A396-2620C35EBDB9}.Ad-Hoc|x64.Build.0 = Debug|Any CPU
		{7A2F9CC3-A2CD-42E7-A396-2620C35EBDB9}.Ad-Hoc|x86.ActiveCfg = Debug|Any CPU
		{7A2F9CC3-A2CD-42E7-A396-2620C35EBDB9}.Ad-Hoc|x86.Build.0 = Debug|Any CPU
		{7A2F9CC3-A2CD-42E7-A396-2620C35EBDB9}.AppStore|Any CPU.ActiveCfg = Debug|Any CPU
		{7A2F9CC3-A2CD-42E7-A396-2620C35EBDB9}.AppStore|Any CPU.Build.0 = Debug|Any CPU
		{7A2F9CC3-A2CD-42E7-A396-2620C35EBDB9}.AppStore|ARM.ActiveCfg = Debug|Any CPU
		{7A2F9CC3-A2CD-42E7-A396-2620C35EBDB9}.AppStore|ARM.Build.0 = Debug|Any CPU
		{7A2F9CC3-A2CD-42E7-A396-2620C35EBDB9}.AppStore|iPhone.ActiveCfg = Debug|Any CPU
		{7A2F9CC3-A2CD-42E7-A396-2620C35EBDB9}.AppStore|iPhone.Build.0 = Debug|Any CPU
		{7A2F9CC3-A2CD-42E7-A396-2620C35EBDB9}.AppStore|iPhoneSimulator.ActiveCfg = Debug|Any CPU
		{7A2F9CC3-A2CD-42E7-A396-2620C35EBDB9}.AppStore|iPhoneSimulator.Build.0 = Debug|Any CPU
		{7A2F9CC3-A2CD-42E7-A396-2620C35EBDB9}.AppStore|x64.ActiveCfg = Debug|Any CPU
		{7A2F9CC3-A2CD-42E7-A396-2620C35EBDB9}.AppStore|x64.Build.0 = Debug|Any CPU
		{7A2F9CC3-A2CD-42E7-A396-2620C35EBDB9}.AppStore|x86.ActiveCfg = Debug|Any CPU
		{7A2F9CC3-A2CD-42E7-A396-2620C35EBDB9}.AppStore|x86.Build.0 = Debug|Any CPU
		{7A2F9CC3-A2CD-42E7-A396-2620C35EBDB9}.Debug|Any CPU.ActiveCfg = Debug|Any CPU
		{7A2F9CC3-A2CD-42E7-A396-2620C35EBDB9}.Debug|Any CPU.Build.0 = Debug|Any CPU
		{7A2F9CC3-A2CD-42E7-A396-2620C35EBDB9}.Debug|ARM.ActiveCfg = Debug|Any CPU
		{7A2F9CC3-A2CD-42E7-A396-2620C35EBDB9}.Debug|ARM.Build.0 = Debug|Any CPU
		{7A2F9CC3-A2CD-42E7-A396-2620C35EBDB9}.Debug|iPhone.ActiveCfg = Debug|Any CPU
		{7A2F9CC3-A2CD-42E7-A396-2620C35EBDB9}.Debug|iPhone.Build.0 = Debug|Any CPU
		{7A2F9CC3-A2CD-42E7-A396-2620C35EBDB9}.Debug|iPhoneSimulator.ActiveCfg = Debug|Any CPU
		{7A2F9CC3-A2CD-42E7-A396-2620C35EBDB9}.Debug|iPhoneSimulator.Build.0 = Debug|Any CPU
		{7A2F9CC3-A2CD-42E7-A396-2620C35EBDB9}.Debug|x64.ActiveCfg = Debug|Any CPU
		{7A2F9CC3-A2CD-42E7-A396-2620C35EBDB9}.Debug|x64.Build.0 = Debug|Any CPU
		{7A2F9CC3-A2CD-42E7-A396-2620C35EBDB9}.Debug|x86.ActiveCfg = Debug|Any CPU
		{7A2F9CC3-A2CD-42E7-A396-2620C35EBDB9}.Debug|x86.Build.0 = Debug|Any CPU
		{7A2F9CC3-A2CD-42E7-A396-2620C35EBDB9}.Release|Any CPU.ActiveCfg = Release|Any CPU
		{7A2F9CC3-A2CD-42E7-A396-2620C35EBDB9}.Release|Any CPU.Build.0 = Release|Any CPU
		{7A2F9CC3-A2CD-42E7-A396-2620C35EBDB9}.Release|ARM.ActiveCfg = Release|Any CPU
		{7A2F9CC3-A2CD-42E7-A396-2620C35EBDB9}.Release|ARM.Build.0 = Release|Any CPU
		{7A2F9CC3-A2CD-42E7-A396-2620C35EBDB9}.Release|iPhone.ActiveCfg = Release|Any CPU
		{7A2F9CC3-A2CD-42E7-A396-2620C35EBDB9}.Release|iPhone.Build.0 = Release|Any CPU
		{7A2F9CC3-A2CD-42E7-A396-2620C35EBDB9}.Release|iPhoneSimulator.ActiveCfg = Release|Any CPU
		{7A2F9CC3-A2CD-42E7-A396-2620C35EBDB9}.Release|iPhoneSimulator.Build.0 = Release|Any CPU
		{7A2F9CC3-A2CD-42E7-A396-2620C35EBDB9}.Release|x64.ActiveCfg = Release|Any CPU
		{7A2F9CC3-A2CD-42E7-A396-2620C35EBDB9}.Release|x64.Build.0 = Release|Any CPU
		{7A2F9CC3-A2CD-42E7-A396-2620C35EBDB9}.Release|x86.ActiveCfg = Release|Any CPU
		{7A2F9CC3-A2CD-42E7-A396-2620C35EBDB9}.Release|x86.Build.0 = Release|Any CPU
		{F2802F80-845C-4982-9806-8C28876D8AE5}.Ad-Hoc|Any CPU.ActiveCfg = Release|Any CPU
		{F2802F80-845C-4982-9806-8C28876D8AE5}.Ad-Hoc|Any CPU.Build.0 = Release|Any CPU
		{F2802F80-845C-4982-9806-8C28876D8AE5}.Ad-Hoc|ARM.ActiveCfg = Release|Any CPU
		{F2802F80-845C-4982-9806-8C28876D8AE5}.Ad-Hoc|ARM.Build.0 = Release|Any CPU
		{F2802F80-845C-4982-9806-8C28876D8AE5}.Ad-Hoc|iPhone.ActiveCfg = Release|Any CPU
		{F2802F80-845C-4982-9806-8C28876D8AE5}.Ad-Hoc|iPhone.Build.0 = Release|Any CPU
		{F2802F80-845C-4982-9806-8C28876D8AE5}.Ad-Hoc|iPhoneSimulator.ActiveCfg = Release|Any CPU
		{F2802F80-845C-4982-9806-8C28876D8AE5}.Ad-Hoc|iPhoneSimulator.Build.0 = Release|Any CPU
		{F2802F80-845C-4982-9806-8C28876D8AE5}.Ad-Hoc|x64.ActiveCfg = Release|Any CPU
		{F2802F80-845C-4982-9806-8C28876D8AE5}.Ad-Hoc|x64.Build.0 = Release|Any CPU
		{F2802F80-845C-4982-9806-8C28876D8AE5}.Ad-Hoc|x86.ActiveCfg = Release|Any CPU
		{F2802F80-845C-4982-9806-8C28876D8AE5}.Ad-Hoc|x86.Build.0 = Release|Any CPU
		{F2802F80-845C-4982-9806-8C28876D8AE5}.AppStore|Any CPU.ActiveCfg = Release|Any CPU
		{F2802F80-845C-4982-9806-8C28876D8AE5}.AppStore|Any CPU.Build.0 = Release|Any CPU
		{F2802F80-845C-4982-9806-8C28876D8AE5}.AppStore|ARM.ActiveCfg = Release|Any CPU
		{F2802F80-845C-4982-9806-8C28876D8AE5}.AppStore|ARM.Build.0 = Release|Any CPU
		{F2802F80-845C-4982-9806-8C28876D8AE5}.AppStore|iPhone.ActiveCfg = Release|Any CPU
		{F2802F80-845C-4982-9806-8C28876D8AE5}.AppStore|iPhone.Build.0 = Release|Any CPU
		{F2802F80-845C-4982-9806-8C28876D8AE5}.AppStore|iPhoneSimulator.ActiveCfg = Release|Any CPU
		{F2802F80-845C-4982-9806-8C28876D8AE5}.AppStore|iPhoneSimulator.Build.0 = Release|Any CPU
		{F2802F80-845C-4982-9806-8C28876D8AE5}.AppStore|x64.ActiveCfg = Release|Any CPU
		{F2802F80-845C-4982-9806-8C28876D8AE5}.AppStore|x64.Build.0 = Release|Any CPU
		{F2802F80-845C-4982-9806-8C28876D8AE5}.AppStore|x86.ActiveCfg = Release|Any CPU
		{F2802F80-845C-4982-9806-8C28876D8AE5}.AppStore|x86.Build.0 = Release|Any CPU
		{F2802F80-845C-4982-9806-8C28876D8AE5}.Debug|Any CPU.ActiveCfg = Debug|Any CPU
		{F2802F80-845C-4982-9806-8C28876D8AE5}.Debug|Any CPU.Build.0 = Debug|Any CPU
		{F2802F80-845C-4982-9806-8C28876D8AE5}.Debug|ARM.ActiveCfg = Debug|Any CPU
		{F2802F80-845C-4982-9806-8C28876D8AE5}.Debug|ARM.Build.0 = Debug|Any CPU
		{F2802F80-845C-4982-9806-8C28876D8AE5}.Debug|iPhone.ActiveCfg = Debug|Any CPU
		{F2802F80-845C-4982-9806-8C28876D8AE5}.Debug|iPhone.Build.0 = Debug|Any CPU
		{F2802F80-845C-4982-9806-8C28876D8AE5}.Debug|iPhoneSimulator.ActiveCfg = Debug|Any CPU
		{F2802F80-845C-4982-9806-8C28876D8AE5}.Debug|iPhoneSimulator.Build.0 = Debug|Any CPU
		{F2802F80-845C-4982-9806-8C28876D8AE5}.Debug|x64.ActiveCfg = Debug|Any CPU
		{F2802F80-845C-4982-9806-8C28876D8AE5}.Debug|x64.Build.0 = Debug|Any CPU
		{F2802F80-845C-4982-9806-8C28876D8AE5}.Debug|x86.ActiveCfg = Debug|Any CPU
		{F2802F80-845C-4982-9806-8C28876D8AE5}.Debug|x86.Build.0 = Debug|Any CPU
		{F2802F80-845C-4982-9806-8C28876D8AE5}.Release|Any CPU.ActiveCfg = Release|Any CPU
		{F2802F80-845C-4982-9806-8C28876D8AE5}.Release|Any CPU.Build.0 = Release|Any CPU
		{F2802F80-845C-4982-9806-8C28876D8AE5}.Release|ARM.ActiveCfg = Release|Any CPU
		{F2802F80-845C-4982-9806-8C28876D8AE5}.Release|ARM.Build.0 = Release|Any CPU
		{F2802F80-845C-4982-9806-8C28876D8AE5}.Release|iPhone.ActiveCfg = Release|Any CPU
		{F2802F80-845C-4982-9806-8C28876D8AE5}.Release|iPhone.Build.0 = Release|Any CPU
		{F2802F80-845C-4982-9806-8C28876D8AE5}.Release|iPhoneSimulator.ActiveCfg = Release|Any CPU
		{F2802F80-845C-4982-9806-8C28876D8AE5}.Release|iPhoneSimulator.Build.0 = Release|Any CPU
		{F2802F80-845C-4982-9806-8C28876D8AE5}.Release|x64.ActiveCfg = Release|Any CPU
		{F2802F80-845C-4982-9806-8C28876D8AE5}.Release|x64.Build.0 = Release|Any CPU
		{F2802F80-845C-4982-9806-8C28876D8AE5}.Release|x86.ActiveCfg = Release|Any CPU
		{F2802F80-845C-4982-9806-8C28876D8AE5}.Release|x86.Build.0 = Release|Any CPU
	EndGlobalSection
	GlobalSection(SolutionProperties) = preSolution
		HideSolutionNode = FALSE
	EndGlobalSection
	GlobalSection(ExtensibilityGlobals) = postSolution
		SolutionGuid = {6331B6F1-A0CD-48EB-BC00-07F2BAF3709D}
	EndGlobalSection
EndGlobal
